
Microsoft Visual Studio Solution File, Format Version 12.00
# Visual Studio Version 16
VisualStudioVersion = 16.0.30517.126
MinimumVisualStudioVersion = 10.0.40219.1
Project("{FAE04EC0-301F-11D3-BF4B-00C04F79EFBC}") = "hw", "hw\hw.csproj", "{51405D38-A028-44F0-AED9-4C1EE63061BE}"
EndProject
Global
	GlobalSection(SolutionConfigurationPlatforms) = preSolution
		Debug|Any CPU = Debug|Any CPU
		Release|Any CPU = Release|Any CPU
	EndGlobalSection
	GlobalSection(ProjectConfigurationPlatforms) = postSolution
		{51405D38-A028-44F0-AED9-4C1EE63061BE}.Debug|Any CPU.ActiveCfg = Debug|Any CPU
		{51405D38-A028-44F0-AED9-4C1EE63061BE}.Debug|Any CPU.Build.0 = Debug|Any CPU
		{51405D38-A028-44F0-AED9-4C1EE63061BE}.Release|Any CPU.ActiveCfg = Release|Any CPU
		{51405D38-A028-44F0-AED9-4C1EE63061BE}.Release|Any CPU.Build.0 = Release|Any CPU
	EndGlobalSection
	GlobalSection(SolutionProperties) = preSolution
		HideSolutionNode = FALSE
	EndGlobalSection
	GlobalSection(ExtensibilityGlobals) = postSolution
		SolutionGuid = {EA8E5200-1AE8-41B2-B6D9-04EA500CAE36}
	EndGlobalSection
EndGlobal
